
Microsoft Visual Studio Solution File, Format Version 12.00
# Visual Studio Version 16
VisualStudioVersion = 16.0.29709.97
MinimumVisualStudioVersion = 10.0.40219.1
Project("{9A19103F-16F7-4668-BE54-9A1E7A4F7556}") = "XamarinNavigationTests", "XamarinNavigationTests\XamarinNavigationTests\XamarinNavigationTests.csproj", "{56D49803-C44A-4FE3-A29F-B1668A3E86E2}"
EndProject
Project("{FAE04EC0-301F-11D3-BF4B-00C04F79EFBC}") = "XamarinNavigationTests.Android", "XamarinNavigationTests\XamarinNavigationTests.Android\XamarinNavigationTests.Android.csproj", "{51CA9554-448F-40D0-A3B5-1B35ED85158D}"
EndProject
Project("{FAE04EC0-301F-11D3-BF4B-00C04F79EFBC}") = "XamarinNavigationTests.iOS", "XamarinNavigationTests\XamarinNavigationTests.iOS\XamarinNavigationTests.iOS.csproj", "{687FF3B0-56E2-4587-B3E2-4B5B12899EAA}"
EndProject
Project("{FAE04EC0-301F-11D3-BF4B-00C04F79EFBC}") = "XamarinNavigationTests.UWP", "XamarinNavigationTests\XamarinNavigationTests.UWP\XamarinNavigationTests.UWP.csproj", "{EAF5061D-5BD4-441D-849A-A6EB312071FE}"
EndProject
Global
	GlobalSection(SolutionConfigurationPlatforms) = preSolution
		Ad-Hoc|Any CPU = Ad-Hoc|Any CPU
		Ad-Hoc|ARM = Ad-Hoc|ARM
		Ad-Hoc|iPhone = Ad-Hoc|iPhone
		Ad-Hoc|iPhoneSimulator = Ad-Hoc|iPhoneSimulator
		Ad-Hoc|x64 = Ad-Hoc|x64
		Ad-Hoc|x86 = Ad-Hoc|x86
		AppStore|Any CPU = AppStore|Any CPU
		AppStore|ARM = AppStore|ARM
		AppStore|iPhone = AppStore|iPhone
		AppStore|iPhoneSimulator = AppStore|iPhoneSimulator
		AppStore|x64 = AppStore|x64
		AppStore|x86 = AppStore|x86
		Debug|Any CPU = Debug|Any CPU
		Debug|ARM = Debug|ARM
		Debug|iPhone = Debug|iPhone
		Debug|iPhoneSimulator = Debug|iPhoneSimulator
		Debug|x64 = Debug|x64
		Debug|x86 = Debug|x86
		Release|Any CPU = Release|Any CPU
		Release|ARM = Release|ARM
		Release|iPhone = Release|iPhone
		Release|iPhoneSimulator = Release|iPhoneSimulator
		Release|x64 = Release|x64
		Release|x86 = Release|x86
	EndGlobalSection
	GlobalSection(ProjectConfigurationPlatforms) = postSolution
		{56D49803-C44A-4FE3-A29F-B1668A3E86E2}.Ad-Hoc|Any CPU.ActiveCfg = Debug|Any CPU
		{56D49803-C44A-4FE3-A29F-B1668A3E86E2}.Ad-Hoc|Any CPU.Build.0 = Debug|Any CPU
		{56D49803-C44A-4FE3-A29F-B1668A3E86E2}.Ad-Hoc|ARM.ActiveCfg = Debug|Any CPU
		{56D49803-C44A-4FE3-A29F-B1668A3E86E2}.Ad-Hoc|ARM.Build.0 = Debug|Any CPU
		{56D49803-C44A-4FE3-A29F-B1668A3E86E2}.Ad-Hoc|iPhone.ActiveCfg = Debug|Any CPU
		{56D49803-C44A-4FE3-A29F-B1668A3E86E2}.Ad-Hoc|iPhone.Build.0 = Debug|Any CPU
		{56D49803-C44A-4FE3-A29F-B1668A3E86E2}.Ad-Hoc|iPhoneSimulator.ActiveCfg = Debug|Any CPU
		{56D49803-C44A-4FE3-A29F-B1668A3E86E2}.Ad-Hoc|iPhoneSimulator.Build.0 = Debug|Any CPU
		{56D49803-C44A-4FE3-A29F-B1668A3E86E2}.Ad-Hoc|x64.ActiveCfg = Debug|Any CPU
		{56D49803-C44A-4FE3-A29F-B1668A3E86E2}.Ad-Hoc|x64.Build.0 = Debug|Any CPU
		{56D49803-C44A-4FE3-A29F-B1668A3E86E2}.Ad-Hoc|x86.ActiveCfg = Debug|Any CPU
		{56D49803-C44A-4FE3-A29F-B1668A3E86E2}.Ad-Hoc|x86.Build.0 = Debug|Any CPU
		{56D49803-C44A-4FE3-A29F-B1668A3E86E2}.AppStore|Any CPU.ActiveCfg = Debug|Any CPU
		{56D49803-C44A-4FE3-A29F-B1668A3E86E2}.AppStore|Any CPU.Build.0 = Debug|Any CPU
		{56D49803-C44A-4FE3-A29F-B1668A3E86E2}.AppStore|ARM.ActiveCfg = Debug|Any CPU
		{56D49803-C44A-4FE3-A29F-B1668A3E86E2}.AppStore|ARM.Build.0 = Debug|Any CPU
		{56D49803-C44A-4FE3-A29F-B1668A3E86E2}.AppStore|iPhone.ActiveCfg = Debug|Any CPU
		{56D49803-C44A-4FE3-A29F-B1668A3E86E2}.AppStore|iPhone.Build.0 = Debug|Any CPU
		{56D49803-C44A-4FE3-A29F-B1668A3E86E2}.AppStore|iPhoneSimulator.ActiveCfg = Debug|Any CPU
		{56D49803-C44A-4FE3-A29F-B1668A3E86E2}.AppStore|iPhoneSimulator.Build.0 = Debug|Any CPU
		{56D49803-C44A-4FE3-A29F-B1668A3E86E2}.AppStore|x64.ActiveCfg = Debug|Any CPU
		{56D49803-C44A-4FE3-A29F-B1668A3E86E2}.AppStore|x64.Build.0 = Debug|Any CPU
		{56D49803-C44A-4FE3-A29F-B1668A3E86E2}.AppStore|x86.ActiveCfg = Debug|Any CPU
		{56D49803-C44A-4FE3-A29F-B1668A3E86E2}.AppStore|x86.Build.0 = Debug|Any CPU
		{56D49803-C44A-4FE3-A29F-B1668A3E86E2}.Debug|Any CPU.ActiveCfg = Debug|Any CPU
		{56D49803-C44A-4FE3-A29F-B1668A3E86E2}.Debug|Any CPU.Build.0 = Debug|Any CPU
		{56D49803-C44A-4FE3-A29F-B1668A3E86E2}.Debug|ARM.ActiveCfg = Debug|Any CPU
		{56D49803-C44A-4FE3-A29F-B1668A3E86E2}.Debug|ARM.Build.0 = Debug|Any CPU
		{56D49803-C44A-4FE3-A29F-B1668A3E86E2}.Debug|iPhone.ActiveCfg = Debug|Any CPU
		{56D49803-C44A-4FE3-A29F-B1668A3E86E2}.Debug|iPhone.Build.0 = Debug|Any CPU
		{56D49803-C44A-4FE3-A29F-B1668A3E86E2}.Debug|iPhoneSimulator.ActiveCfg = Debug|Any CPU
		{56D49803-C44A-4FE3-A29F-B1668A3E86E2}.Debug|iPhoneSimulator.Build.0 = Debug|Any CPU
		{56D49803-C44A-4FE3-A29F-B1668A3E86E2}.Debug|x64.ActiveCfg = Debug|Any CPU
		{56D49803-C44A-4FE3-A29F-B1668A3E86E2}.Debug|x64.Build.0 = Debug|Any CPU
		{56D49803-C44A-4FE3-A29F-B1668A3E86E2}.Debug|x86.ActiveCfg = Debug|Any CPU
		{56D49803-C44A-4FE3-A29F-B1668A3E86E2}.Debug|x86.Build.0 = Debug|Any CPU
		{56D49803-C44A-4FE3-A29F-B1668A3E86E2}.Release|Any CPU.ActiveCfg = Release|Any CPU
		{56D49803-C44A-4FE3-A29F-B1668A3E86E2}.Release|Any CPU.Build.0 = Release|Any CPU
		{56D49803-C44A-4FE3-A29F-B1668A3E86E2}.Release|ARM.ActiveCfg = Release|Any CPU
		{56D49803-C44A-4FE3-A29F-B1668A3E86E2}.Release|ARM.Build.0 = Release|Any CPU
		{56D49803-C44A-4FE3-A29F-B1668A3E86E2}.Release|iPhone.ActiveCfg = Release|Any CPU
		{56D49803-C44A-4FE3-A29F-B1668A3E86E2}.Release|iPhone.Build.0 = Release|Any CPU
		{56D49803-C44A-4FE3-A29F-B1668A3E86E2}.Release|iPhoneSimulator.ActiveCfg = Release|Any CPU
		{56D49803-C44A-4FE3-A29F-B1668A3E86E2}.Release|iPhoneSimulator.Build.0 = Release|Any CPU
		{56D49803-C44A-4FE3-A29F-B1668A3E86E2}.Release|x64.ActiveCfg = Release|Any CPU
		{56D49803-C44A-4FE3-A29F-B1668A3E86E2}.Release|x64.Build.0 = Release|Any CPU
		{56D49803-C44A-4FE3-A29F-B1668A3E86E2}.Release|x86.ActiveCfg = Release|Any CPU
		{56D49803-C44A-4FE3-A29F-B1668A3E86E2}.Release|x86.Build.0 = Release|Any CPU
		{51CA9554-448F-40D0-A3B5-1B35ED85158D}.Ad-Hoc|Any CPU.ActiveCfg = Release|Any CPU
		{51CA9554-448F-40D0-A3B5-1B35ED85158D}.Ad-Hoc|Any CPU.Build.0 = Release|Any CPU
		{51CA9554-448F-40D0-A3B5-1B35ED85158D}.Ad-Hoc|Any CPU.Deploy.0 = Release|Any CPU
		{51CA9554-448F-40D0-A3B5-1B35ED85158D}.Ad-Hoc|ARM.ActiveCfg = Release|Any CPU
		{51CA9554-448F-40D0-A3B5-1B35ED85158D}.Ad-Hoc|ARM.Build.0 = Release|Any CPU
		{51CA9554-448F-40D0-A3B5-1B35ED85158D}.Ad-Hoc|ARM.Deploy.0 = Release|Any CPU
		{51CA9554-448F-40D0-A3B5-1B35ED85158D}.Ad-Hoc|iPhone.ActiveCfg = Release|Any CPU
		{51CA9554-448F-40D0-A3B5-1B35ED85158D}.Ad-Hoc|iPhone.Build.0 = Release|Any CPU
		{51CA9554-448F-40D0-A3B5-1B35ED85158D}.Ad-Hoc|iPhone.Deploy.0 = Release|Any CPU
		{51CA9554-448F-40D0-A3B5-1B35ED85158D}.Ad-Hoc|iPhoneSimulator.ActiveCfg = Release|Any CPU
		{51CA9554-448F-40D0-A3B5-1B35ED85158D}.Ad-Hoc|iPhoneSimulator.Build.0 = Release|Any CPU
		{51CA9554-448F-40D0-A3B5-1B35ED85158D}.Ad-Hoc|iPhoneSimulator.Deploy.0 = Release|Any CPU
		{51CA9554-448F-40D0-A3B5-1B35ED85158D}.Ad-Hoc|x64.ActiveCfg = Release|Any CPU
		{51CA9554-448F-40D0-A3B5-1B35ED85158D}.Ad-Hoc|x64.Build.0 = Release|Any CPU
		{51CA9554-448F-40D0-A3B5-1B35ED85158D}.Ad-Hoc|x64.Deploy.0 = Release|Any CPU
		{51CA9554-448F-40D0-A3B5-1B35ED85158D}.Ad-Hoc|x86.ActiveCfg = Release|Any CPU
		{51CA9554-448F-40D0-A3B5-1B35ED85158D}.Ad-Hoc|x86.Build.0 = Release|Any CPU
		{51CA9554-448F-40D0-A3B5-1B35ED85158D}.Ad-Hoc|x86.Deploy.0 = Release|Any CPU
		{51CA9554-448F-40D0-A3B5-1B35ED85158D}.AppStore|Any CPU.ActiveCfg = Release|Any CPU
		{51CA9554-448F-40D0-A3B5-1B35ED85158D}.AppStore|Any CPU.Build.0 = Release|Any CPU
		{51CA9554-448F-40D0-A3B5-1B35ED85158D}.AppStore|Any CPU.Deploy.0 = Release|Any CPU
		{51CA9554-448F-40D0-A3B5-1B35ED85158D}.AppStore|ARM.ActiveCfg = Release|Any CPU
		{51CA9554-448F-40D0-A3B5-1B35ED85158D}.AppStore|ARM.Build.0 = Release|Any CPU
		{51CA9554-448F-40D0-A3B5-1B35ED85158D}.AppStore|ARM.Deploy.0 = Release|Any CPU
		{51CA9554-448F-40D0-A3B5-1B35ED85158D}.AppStore|iPhone.ActiveCfg = Release|Any CPU
		{51CA9554-448F-40D0-A3B5-1B35ED85158D}.AppStore|iPhone.Build.0 = Release|Any CPU
		{51CA9554-448F-40D0-A3B5-1B35ED85158D}.AppStore|iPhone.Deploy.0 = Release|Any CPU
		{51CA9554-448F-40D0-A3B5-1B35ED85158D}.AppStore|iPhoneSimulator.ActiveCfg = Release|Any CPU
		{51CA9554-448F-40D0-A3B5-1B35ED85158D}.AppStore|iPhoneSimulator.Build.0 = Release|Any CPU
		{51CA9554-448F-40D0-A3B5-1B35ED85158D}.AppStore|iPhoneSimulator.Deploy.0 = Release|Any CPU
		{51CA9554-448F-40D0-A3B5-1B35ED85158D}.AppStore|x64.ActiveCfg = Release|Any CPU
		{51CA9554-448F-40D0-A3B5-1B35ED85158D}.AppStore|x64.Build.0 = Release|Any CPU
		{51CA9554-448F-40D0-A3B5-1B35ED85158D}.AppStore|x64.Deploy.0 = Release|Any CPU
		{51CA9554-448F-40D0-A3B5-1B35ED85158D}.AppStore|x86.ActiveCfg = Release|Any CPU
		{51CA9554-448F-40D0-A3B5-1B35ED85158D}.AppStore|x86.Build.0 = Release|Any CPU
		{51CA9554-448F-40D0-A3B5-1B35ED85158D}.AppStore|x86.Deploy.0 = Release|Any CPU
		{51CA9554-448F-40D0-A3B5-1B35ED85158D}.Debug|Any CPU.ActiveCfg = Debug|Any CPU
		{51CA9554-448F-40D0-A3B5-1B35ED85158D}.Debug|Any CPU.Build.0 = Debug|Any CPU
		{51CA9554-448F-40D0-A3B5-1B35ED85158D}.Debug|Any CPU.Deploy.0 = Debug|Any CPU
		{51CA9554-448F-40D0-A3B5-1B35ED85158D}.Debug|ARM.ActiveCfg = Debug|Any CPU
		{51CA9554-448F-40D0-A3B5-1B35ED85158D}.Debug|ARM.Build.0 = Debug|Any CPU
		{51CA9554-448F-40D0-A3B5-1B35ED85158D}.Debug|ARM.Deploy.0 = Debug|Any CPU
		{51CA9554-448F-40D0-A3B5-1B35ED85158D}.Debug|iPhone.ActiveCfg = Debug|Any CPU
		{51CA9554-448F-40D0-A3B5-1B35ED85158D}.Debug|iPhone.Build.0 = Debug|Any CPU
		{51CA9554-448F-40D0-A3B5-1B35ED85158D}.Debug|iPhone.Deploy.0 = Debug|Any CPU
		{51CA9554-448F-40D0-A3B5-1B35ED85158D}.Debug|iPhoneSimulator.ActiveCfg = Debug|Any CPU
		{51CA9554-448F-40D0-A3B5-1B35ED85158D}.Debug|iPhoneSimulator.Build.0 = Debug|Any CPU
		{51CA9554-448F-40D0-A3B5-1B35ED85158D}.Debug|iPhoneSimulator.Deploy.0 = Debug|Any CPU
		{51CA9554-448F-40D0-A3B5-1B35ED85158D}.Debug|x64.ActiveCfg = Debug|Any CPU
		{51CA9554-448F-40D0-A3B5-1B35ED85158D}.Debug|x64.Build.0 = Debug|Any CPU
		{51CA9554-448F-40D0-A3B5-1B35ED85158D}.Debug|x64.Deploy.0 = Debug|Any CPU
		{51CA9554-448F-40D0-A3B5-1B35ED85158D}.Debug|x86.ActiveCfg = Debug|Any CPU
		{51CA9554-448F-40D0-A3B5-1B35ED85158D}.Debug|x86.Build.0 = Debug|Any CPU
		{51CA9554-448F-40D0-A3B5-1B35ED85158D}.Debug|x86.Deploy.0 = Debug|Any CPU
		{51CA9554-448F-40D0-A3B5-1B35ED85158D}.Release|Any CPU.ActiveCfg = Release|Any CPU
		{51CA9554-448F-40D0-A3B5-1B35ED85158D}.Release|Any CPU.Build.0 = Release|Any CPU
		{51CA9554-448F-40D0-A3B5-1B35ED85158D}.Release|Any CPU.Deploy.0 = Release|Any CPU
		{51CA9554-448F-40D0-A3B5-1B35ED85158D}.Release|ARM.ActiveCfg = Release|Any CPU
		{51CA9554-448F-40D0-A3B5-1B35ED85158D}.Release|ARM.Build.0 = Release|Any CPU
		{51CA9554-448F-40D0-A3B5-1B35ED85158D}.Release|ARM.Deploy.0 = Release|Any CPU
		{51CA9554-448F-40D0-A3B5-1B35ED85158D}.Release|iPhone.ActiveCfg = Release|Any CPU
		{51CA9554-448F-40D0-A3B5-1B35ED85158D}.Release|iPhone.Build.0 = Release|Any CPU
		{51CA9554-448F-40D0-A3B5-1B35ED85158D}.Release|iPhone.Deploy.0 = Release|Any CPU
		{51CA9554-448F-40D0-A3B5-1B35ED85158D}.Release|iPhoneSimulator.ActiveCfg = Release|Any CPU
		{51CA9554-448F-40D0-A3B5-1B35ED85158D}.Release|iPhoneSimulator.Build.0 = Release|Any CPU
		{51CA9554-448F-40D0-A3B5-1B35ED85158D}.Release|iPhoneSimulator.Deploy.0 = Release|Any CPU
		{51CA9554-448F-40D0-A3B5-1B35ED85158D}.Release|x64.ActiveCfg = Release|Any CPU
		{51CA9554-448F-40D0-A3B5-1B35ED85158D}.Release|x64.Build.0 = Release|Any CPU
		{51CA9554-448F-40D0-A3B5-1B35ED85158D}.Release|x64.Deploy.0 = Release|Any CPU
		{51CA9554-448F-40D0-A3B5-1B35ED85158D}.Release|x86.ActiveCfg = Release|Any CPU
		{51CA9554-448F-40D0-A3B5-1B35ED85158D}.Release|x86.Build.0 = Release|Any CPU
		{51CA9554-448F-40D0-A3B5-1B35ED85158D}.Release|x86.Deploy.0 = Release|Any CPU
		{687FF3B0-56E2-4587-B3E2-4B5B12899EAA}.Ad-Hoc|Any CPU.ActiveCfg = Ad-Hoc|iPhone
		{687FF3B0-56E2-4587-B3E2-4B5B12899EAA}.Ad-Hoc|ARM.ActiveCfg = Ad-Hoc|iPhone
		{687FF3B0-56E2-4587-B3E2-4B5B12899EAA}.Ad-Hoc|iPhone.ActiveCfg = Ad-Hoc|iPhone
		{687FF3B0-56E2-4587-B3E2-4B5B12899EAA}.Ad-Hoc|iPhone.Build.0 = Ad-Hoc|iPhone
		{687FF3B0-56E2-4587-B3E2-4B5B12899EAA}.Ad-Hoc|iPhoneSimulator.ActiveCfg = Ad-Hoc|iPhoneSimulator
		{687FF3B0-56E2-4587-B3E2-4B5B12899EAA}.Ad-Hoc|iPhoneSimulator.Build.0 = Ad-Hoc|iPhoneSimulator
		{687FF3B0-56E2-4587-B3E2-4B5B12899EAA}.Ad-Hoc|x64.ActiveCfg = Ad-Hoc|iPhone
		{687FF3B0-56E2-4587-B3E2-4B5B12899EAA}.Ad-Hoc|x86.ActiveCfg = Ad-Hoc|iPhone
		{687FF3B0-56E2-4587-B3E2-4B5B12899EAA}.AppStore|Any CPU.ActiveCfg = AppStore|iPhone
		{687FF3B0-56E2-4587-B3E2-4B5B12899EAA}.AppStore|ARM.ActiveCfg = AppStore|iPhone
		{687FF3B0-56E2-4587-B3E2-4B5B12899EAA}.AppStore|iPhone.ActiveCfg = AppStore|iPhone
		{687FF3B0-56E2-4587-B3E2-4B5B12899EAA}.AppStore|iPhone.Build.0 = AppStore|iPhone
		{687FF3B0-56E2-4587-B3E2-4B5B12899EAA}.AppStore|iPhoneSimulator.ActiveCfg = AppStore|iPhoneSimulator
		{687FF3B0-56E2-4587-B3E2-4B5B12899EAA}.AppStore|iPhoneSimulator.Build.0 = AppStore|iPhoneSimulator
		{687FF3B0-56E2-4587-B3E2-4B5B12899EAA}.AppStore|x64.ActiveCfg = AppStore|iPhone
		{687FF3B0-56E2-4587-B3E2-4B5B12899EAA}.AppStore|x86.ActiveCfg = AppStore|iPhone
		{687FF3B0-56E2-4587-B3E2-4B5B12899EAA}.Debug|Any CPU.ActiveCfg = Debug|iPhone
		{687FF3B0-56E2-4587-B3E2-4B5B12899EAA}.Debug|ARM.ActiveCfg = Debug|iPhone
		{687FF3B0-56E2-4587-B3E2-4B5B12899EAA}.Debug|iPhone.ActiveCfg = Debug|iPhone
		{687FF3B0-56E2-4587-B3E2-4B5B12899EAA}.Debug|iPhone.Build.0 = Debug|iPhone
		{687FF3B0-56E2-4587-B3E2-4B5B12899EAA}.Debug|iPhoneSimulator.ActiveCfg = Debug|iPhoneSimulator
		{687FF3B0-56E2-4587-B3E2-4B5B12899EAA}.Debug|iPhoneSimulator.Build.0 = Debug|iPhoneSimulator
		{687FF3B0-56E2-4587-B3E2-4B5B12899EAA}.Debug|x64.ActiveCfg = Debug|iPhone
		{687FF3B0-56E2-4587-B3E2-4B5B12899EAA}.Debug|x86.ActiveCfg = Debug|iPhone
		{687FF3B0-56E2-4587-B3E2-4B5B12899EAA}.Release|Any CPU.ActiveCfg = Release|iPhone
		{687FF3B0-56E2-4587-B3E2-4B5B12899EAA}.Release|ARM.ActiveCfg = Release|iPhone
		{687FF3B0-56E2-4587-B3E2-4B5B12899EAA}.Release|iPhone.ActiveCfg = Release|iPhone
		{687FF3B0-56E2-4587-B3E2-4B5B12899EAA}.Release|iPhone.Build.0 = Release|iPhone
		{687FF3B0-56E2-4587-B3E2-4B5B12899EAA}.Release|iPhoneSimulator.ActiveCfg = Release|iPhoneSimulator
		{687FF3B0-56E2-4587-B3E2-4B5B12899EAA}.Release|iPhoneSimulator.Build.0 = Release|iPhoneSimulator
		{687FF3B0-56E2-4587-B3E2-4B5B12899EAA}.Release|x64.ActiveCfg = Release|iPhone
		{687FF3B0-56E2-4587-B3E2-4B5B12899EAA}.Release|x86.ActiveCfg = Release|iPhone
		{EAF5061D-5BD4-441D-849A-A6EB312071FE}.Ad-Hoc|Any CPU.ActiveCfg = Release|x86
		{EAF5061D-5BD4-441D-849A-A6EB312071FE}.Ad-Hoc|Any CPU.Build.0 = Release|x86
		{EAF5061D-5BD4-441D-849A-A6EB312071FE}.Ad-Hoc|Any CPU.Deploy.0 = Release|x86
		{EAF5061D-5BD4-441D-849A-A6EB312071FE}.Ad-Hoc|ARM.ActiveCfg = Release|ARM
		{EAF5061D-5BD4-441D-849A-A6EB312071FE}.Ad-Hoc|ARM.Build.0 = Release|ARM
		{EAF5061D-5BD4-441D-849A-A6EB312071FE}.Ad-Hoc|ARM.Deploy.0 = Release|ARM
		{EAF5061D-5BD4-441D-849A-A6EB312071FE}.Ad-Hoc|iPhone.ActiveCfg = Release|x86
		{EAF5061D-5BD4-441D-849A-A6EB312071FE}.Ad-Hoc|iPhone.Build.0 = Release|x86
		{EAF5061D-5BD4-441D-849A-A6EB312071FE}.Ad-Hoc|iPhone.Deploy.0 = Release|x86
		{EAF5061D-5BD4-441D-849A-A6EB312071FE}.Ad-Hoc|iPhoneSimulator.ActiveCfg = Release|x86
		{EAF5061D-5BD4-441D-849A-A6EB312071FE}.Ad-Hoc|iPhoneSimulator.Build.0 = Release|x86
		{EAF5061D-5BD4-441D-849A-A6EB312071FE}.Ad-Hoc|iPhoneSimulator.Deploy.0 = Release|x86
		{EAF5061D-5BD4-441D-849A-A6EB312071FE}.Ad-Hoc|x64.ActiveCfg = Release|x64
		{EAF5061D-5BD4-441D-849A-A6EB312071FE}.Ad-Hoc|x64.Build.0 = Release|x64
		{EAF5061D-5BD4-441D-849A-A6EB312071FE}.Ad-Hoc|x64.Deploy.0 = Release|x64
		{EAF5061D-5BD4-441D-849A-A6EB312071FE}.Ad-Hoc|x86.ActiveCfg = Release|x86
		{EAF5061D-5BD4-441D-849A-A6EB312071FE}.Ad-Hoc|x86.Build.0 = Release|x86
		{EAF5061D-5BD4-441D-849A-A6EB312071FE}.Ad-Hoc|x86.Deploy.0 = Release|x86
		{EAF5061D-5BD4-441D-849A-A6EB312071FE}.AppStore|Any CPU.ActiveCfg = Release|x86
		{EAF5061D-5BD4-441D-849A-A6EB312071FE}.AppStore|Any CPU.Build.0 = Release|x86
		{EAF5061D-5BD4-441D-849A-A6EB312071FE}.AppStore|Any CPU.Deploy.0 = Release|x86
		{EAF5061D-5BD4-441D-849A-A6EB312071FE}.AppStore|ARM.ActiveCfg = Release|ARM
		{EAF5061D-5BD4-441D-849A-A6EB312071FE}.AppStore|ARM.Build.0 = Release|ARM
		{EAF5061D-5BD4-441D-849A-A6EB312071FE}.AppStore|ARM.Deploy.0 = Release|ARM
		{EAF5061D-5BD4-441D-849A-A6EB312071FE}.AppStore|iPhone.ActiveCfg = Release|x86
		{EAF5061D-5BD4-441D-849A-A6EB312071FE}.AppStore|iPhone.Build.0 = Release|x86
		{EAF5061D-5BD4-441D-849A-A6EB312071FE}.AppStore|iPhone.Deploy.0 = Release|x86
		{EAF5061D-5BD4-441D-849A-A6EB312071FE}.AppStore|iPhoneSimulator.ActiveCfg = Release|x86
		{EAF5061D-5BD4-441D-849A-A6EB312071FE}.AppStore|iPhoneSimulator.Build.0 = Release|x86
		{EAF5061D-5BD4-441D-849A-A6EB312071FE}.AppStore|iPhoneSimulator.Deploy.0 = Release|x86
		{EAF5061D-5BD4-441D-849A-A6EB312071FE}.AppStore|x64.ActiveCfg = Release|x64
		{EAF5061D-5BD4-441D-849A-A6EB312071FE}.AppStore|x64.Build.0 = Release|x64
		{EAF5061D-5BD4-441D-849A-A6EB312071FE}.AppStore|x64.Deploy.0 = Release|x64
		{EAF5061D-5BD4-441D-849A-A6EB312071FE}.AppStore|x86.ActiveCfg = Release|x86
		{EAF5061D-5BD4-441D-849A-A6EB312071FE}.AppStore|x86.Build.0 = Release|x86
		{EAF5061D-5BD4-441D-849A-A6EB312071FE}.AppStore|x86.Deploy.0 = Release|x86
		{EAF5061D-5BD4-441D-849A-A6EB312071FE}.Debug|Any CPU.ActiveCfg = Debug|x86
		{EAF5061D-5BD4-441D-849A-A6EB312071FE}.Debug|ARM.ActiveCfg = Debug|ARM
		{EAF5061D-5BD4-441D-849A-A6EB312071FE}.Debug|ARM.Build.0 = Debug|ARM
		{EAF5061D-5BD4-441D-849A-A6EB312071FE}.Debug|ARM.Deploy.0 = Debug|ARM
		{EAF5061D-5BD4-441D-849A-A6EB312071FE}.Debug|iPhone.ActiveCfg = Debug|x86
		{EAF5061D-5BD4-441D-849A-A6EB312071FE}.Debug|iPhoneSimulator.ActiveCfg = Debug|x86
		{EAF5061D-5BD4-441D-849A-A6EB312071FE}.Debug|x64.ActiveCfg = Debug|x64
		{EAF5061D-5BD4-441D-849A-A6EB312071FE}.Debug|x64.Build.0 = Debug|x64
		{EAF5061D-5BD4-441D-849A-A6EB312071FE}.Debug|x64.Deploy.0 = Debug|x64
		{EAF5061D-5BD4-441D-849A-A6EB312071FE}.Debug|x86.ActiveCfg = Debug|x86
		{EAF5061D-5BD4-441D-849A-A6EB312071FE}.Debug|x86.Build.0 = Debug|x86
		{EAF5061D-5BD4-441D-849A-A6EB312071FE}.Debug|x86.Deploy.0 = Debug|x86
		{EAF5061D-5BD4-441D-849A-A6EB312071FE}.Release|Any CPU.ActiveCfg = Release|x86
		{EAF5061D-5BD4-441D-849A-A6EB312071FE}.Release|ARM.ActiveCfg = Release|ARM
		{EAF5061D-5BD4-441D-849A-A6EB312071FE}.Release|ARM.Build.0 = Release|ARM
		{EAF5061D-5BD4-441D-849A-A6EB312071FE}.Release|ARM.Deploy.0 = Release|ARM
		{EAF5061D-5BD4-441D-849A-A6EB312071FE}.Release|iPhone.ActiveCfg = Release|x86
		{EAF5061D-5BD4-441D-849A-A6EB312071FE}.Release|iPhoneSimulator.ActiveCfg = Release|x86
		{EAF5061D-5BD4-441D-849A-A6EB312071FE}.Release|x64.ActiveCfg = Release|x64
		{EAF5061D-5BD4-441D-849A-A6EB312071FE}.Release|x64.Build.0 = Release|x64
		{EAF5061D-5BD4-441D-849A-A6EB312071FE}.Release|x64.Deploy.0 = Release|x64
		{EAF5061D-5BD4-441D-849A-A6EB312071FE}.Release|x86.ActiveCfg = Release|x86
		{EAF5061D-5BD4-441D-849A-A6EB312071FE}.Release|x86.Build.0 = Release|x86
		{EAF5061D-5BD4-441D-849A-A6EB312071FE}.Release|x86.Deploy.0 = Release|x86
	EndGlobalSection
	GlobalSection(SolutionProperties) = preSolution
		HideSolutionNode = FALSE
	EndGlobalSection
	GlobalSection(ExtensibilityGlobals) = postSolution
		SolutionGuid = {7F6D7787-A29C-4CFE-8190-D314D60FCB2F}
	EndGlobalSection
EndGlobal
